
Microsoft Visual Studio Solution File, Format Version 12.00
# Visual Studio Version 17
VisualStudioVersion = 17.0.31903.59
MinimumVisualStudioVersion = 10.0.40219.1
Project("{FAE04EC0-301F-11D3-BF4B-00C04F79EFBC}") = "AoC2024", "AoC2024\AoC2024.csproj", "{06AA2ACC-B02C-4221-8CC9-CA435F030C70}"
EndProject
Project("{FAE04EC0-301F-11D3-BF4B-00C04F79EFBC}") = "AoC2015", "AoC2015\AoC2015.csproj", "{774B235E-A0EF-4AA6-AA0F-EACB4E16F561}"
EndProject
Project("{FAE04EC0-301F-11D3-BF4B-00C04F79EFBC}") = "AoC2023", "AoC2023\AoC2023.csproj", "{BF70B261-582B-4487-92D9-87BA8D7DF47C}"
EndProject
Project("{FAE04EC0-301F-11D3-BF4B-00C04F79EFBC}") = "AoCAll", "AoCAll\AoCAll.csproj", "{800825CF-74E3-43DE-B833-7611CCAB699E}"
EndProject
Project("{FAE04EC0-301F-11D3-BF4B-00C04F79EFBC}") = "AoC2018", "AoC2018\AoC2018.csproj", "{22907CC8-A6EC-4331-95F1-725BD265A9DF}"
EndProject
Global
	GlobalSection(SolutionConfigurationPlatforms) = preSolution
		Debug|Any CPU = Debug|Any CPU
		Release|Any CPU = Release|Any CPU
	EndGlobalSection
	GlobalSection(ProjectConfigurationPlatforms) = postSolution
		{06AA2ACC-B02C-4221-8CC9-CA435F030C70}.Debug|Any CPU.ActiveCfg = Debug|Any CPU
		{06AA2ACC-B02C-4221-8CC9-CA435F030C70}.Debug|Any CPU.Build.0 = Debug|Any CPU
		{06AA2ACC-B02C-4221-8CC9-CA435F030C70}.Release|Any CPU.ActiveCfg = Release|Any CPU
		{06AA2ACC-B02C-4221-8CC9-CA435F030C70}.Release|Any CPU.Build.0 = Release|Any CPU
		{774B235E-A0EF-4AA6-AA0F-EACB4E16F561}.Debug|Any CPU.ActiveCfg = Debug|Any CPU
		{774B235E-A0EF-4AA6-AA0F-EACB4E16F561}.Debug|Any CPU.Build.0 = Debug|Any CPU
		{774B235E-A0EF-4AA6-AA0F-EACB4E16F561}.Release|Any CPU.ActiveCfg = Release|Any CPU
		{774B235E-A0EF-4AA6-AA0F-EACB4E16F561}.Release|Any CPU.Build.0 = Release|Any CPU
		{BF70B261-582B-4487-92D9-87BA8D7DF47C}.Debug|Any CPU.ActiveCfg = Debug|Any CPU
		{BF70B261-582B-4487-92D9-87BA8D7DF47C}.Debug|Any CPU.Build.0 = Debug|Any CPU
		{BF70B261-582B-4487-92D9-87BA8D7DF47C}.Release|Any CPU.ActiveCfg = Release|Any CPU
		{BF70B261-582B-4487-92D9-87BA8D7DF47C}.Release|Any CPU.Build.0 = Release|Any CPU
		{800825CF-74E3-43DE-B833-7611CCAB699E}.Debug|Any CPU.ActiveCfg = Debug|Any CPU
		{800825CF-74E3-43DE-B833-7611CCAB699E}.Debug|Any CPU.Build.0 = Debug|Any CPU
		{800825CF-74E3-43DE-B833-7611CCAB699E}.Release|Any CPU.ActiveCfg = Release|Any CPU
		{800825CF-74E3-43DE-B833-7611CCAB699E}.Release|Any CPU.Build.0 = Release|Any CPU
		{22907CC8-A6EC-4331-95F1-725BD265A9DF}.Debug|Any CPU.ActiveCfg = Debug|Any CPU
		{22907CC8-A6EC-4331-95F1-725BD265A9DF}.Debug|Any CPU.Build.0 = Debug|Any CPU
		{22907CC8-A6EC-4331-95F1-725BD265A9DF}.Release|Any CPU.ActiveCfg = Release|Any CPU
		{22907CC8-A6EC-4331-95F1-725BD265A9DF}.Release|Any CPU.Build.0 = Release|Any CPU
	EndGlobalSection
	GlobalSection(SolutionProperties) = preSolution
		HideSolutionNode = FALSE
	EndGlobalSection
EndGlobal
