
Microsoft Visual Studio Solution File, Format Version 12.00
# Visual Studio Version 17
VisualStudioVersion = 17.0.31903.59
MinimumVisualStudioVersion = 10.0.40219.1
Project("{FAE04EC0-301F-11D3-BF4B-00C04F79EFBC}") = "AoC2024", "AoC2024\AoC2024.csproj", "{06AA2ACC-B02C-4221-8CC9-CA435F030C70}"
EndProject
Project("{FAE04EC0-301F-11D3-BF4B-00C04F79EFBC}") = "AoC2015", "AoC2015\AoC2015.csproj", "{774B235E-A0EF-4AA6-AA0F-EACB4E16F561}"
EndProject
Project("{FAE04EC0-301F-11D3-BF4B-00C04F79EFBC}") = "AoC2023", "AoC2023\AoC2023.csproj", "{BF70B261-582B-4487-92D9-87BA8D7DF47C}"
EndProject
Project("{FAE04EC0-301F-11D3-BF4B-00C04F79EFBC}") = "AoCAll", "AoCAll\AoCAll.csproj", "{800825CF-74E3-43DE-B833-7611CCAB699E}"
EndProject
Project("{FAE04EC0-301F-11D3-BF4B-00C04F79EFBC}") = "AoC2018", "AoC2018\AoC2018.csproj", "{22907CC8-A6EC-4331-95F1-725BD265A9DF}"
EndProject
Project("{FAE04EC0-301F-11D3-BF4B-00C04F79EFBC}") = "AoC2019", "AoC2019\AoC2019.csproj", "{67EDFA35-CD2F-4398-AB11-F1624955D881}"
EndProject
Project("{FAE04EC0-301F-11D3-BF4B-00C04F79EFBC}") = "AoC2020", "AoC2020\AoC2020.csproj", "{B5B8FCB3-FA9F-460D-9114-BF14C0F64421}"
EndProject
Project("{FAE04EC0-301F-11D3-BF4B-00C04F79EFBC}") = "AoC2021", "AoC2021\AoC2021.csproj", "{A57471F5-CC15-4C8D-AD76-A8CE5F90A389}"
EndProject
Project("{FAE04EC0-301F-11D3-BF4B-00C04F79EFBC}") = "AoC2022", "AoC2022\AoC2022.csproj", "{F48682B3-9613-4E7A-BEA4-D14CDF9E0148}"
EndProject
Project("{FAE04EC0-301F-11D3-BF4B-00C04F79EFBC}") = "AoC2017", "AoC2017\AoC2017.csproj", "{879372D8-B864-415B-81DD-3FB1A963DA28}"
EndProject
Project("{FAE04EC0-301F-11D3-BF4B-00C04F79EFBC}") = "AoC2016", "AoC2016\AoC2016.csproj", "{C44C994A-A072-40D4-BF3B-5D01414234FA}"
EndProject
Global
	GlobalSection(SolutionConfigurationPlatforms) = preSolution
		Debug|Any CPU = Debug|Any CPU
		Release|Any CPU = Release|Any CPU
	EndGlobalSection
	GlobalSection(ProjectConfigurationPlatforms) = postSolution
		{06AA2ACC-B02C-4221-8CC9-CA435F030C70}.Debug|Any CPU.ActiveCfg = Debug|Any CPU
		{06AA2ACC-B02C-4221-8CC9-CA435F030C70}.Debug|Any CPU.Build.0 = Debug|Any CPU
		{06AA2ACC-B02C-4221-8CC9-CA435F030C70}.Release|Any CPU.ActiveCfg = Release|Any CPU
		{06AA2ACC-B02C-4221-8CC9-CA435F030C70}.Release|Any CPU.Build.0 = Release|Any CPU
		{774B235E-A0EF-4AA6-AA0F-EACB4E16F561}.Debug|Any CPU.ActiveCfg = Debug|Any CPU
		{774B235E-A0EF-4AA6-AA0F-EACB4E16F561}.Debug|Any CPU.Build.0 = Debug|Any CPU
		{774B235E-A0EF-4AA6-AA0F-EACB4E16F561}.Release|Any CPU.ActiveCfg = Release|Any CPU
		{774B235E-A0EF-4AA6-AA0F-EACB4E16F561}.Release|Any CPU.Build.0 = Release|Any CPU
		{BF70B261-582B-4487-92D9-87BA8D7DF47C}.Debug|Any CPU.ActiveCfg = Debug|Any CPU
		{BF70B261-582B-4487-92D9-87BA8D7DF47C}.Debug|Any CPU.Build.0 = Debug|Any CPU
		{BF70B261-582B-4487-92D9-87BA8D7DF47C}.Release|Any CPU.ActiveCfg = Release|Any CPU
		{BF70B261-582B-4487-92D9-87BA8D7DF47C}.Release|Any CPU.Build.0 = Release|Any CPU
		{800825CF-74E3-43DE-B833-7611CCAB699E}.Debug|Any CPU.ActiveCfg = Debug|Any CPU
		{800825CF-74E3-43DE-B833-7611CCAB699E}.Debug|Any CPU.Build.0 = Debug|Any CPU
		{800825CF-74E3-43DE-B833-7611CCAB699E}.Release|Any CPU.ActiveCfg = Release|Any CPU
		{800825CF-74E3-43DE-B833-7611CCAB699E}.Release|Any CPU.Build.0 = Release|Any CPU
		{22907CC8-A6EC-4331-95F1-725BD265A9DF}.Debug|Any CPU.ActiveCfg = Debug|Any CPU
		{22907CC8-A6EC-4331-95F1-725BD265A9DF}.Debug|Any CPU.Build.0 = Debug|Any CPU
		{22907CC8-A6EC-4331-95F1-725BD265A9DF}.Release|Any CPU.ActiveCfg = Release|Any CPU
		{22907CC8-A6EC-4331-95F1-725BD265A9DF}.Release|Any CPU.Build.0 = Release|Any CPU
		{67EDFA35-CD2F-4398-AB11-F1624955D881}.Debug|Any CPU.ActiveCfg = Debug|Any CPU
		{67EDFA35-CD2F-4398-AB11-F1624955D881}.Debug|Any CPU.Build.0 = Debug|Any CPU
		{67EDFA35-CD2F-4398-AB11-F1624955D881}.Release|Any CPU.ActiveCfg = Release|Any CPU
		{67EDFA35-CD2F-4398-AB11-F1624955D881}.Release|Any CPU.Build.0 = Release|Any CPU
		{B5B8FCB3-FA9F-460D-9114-BF14C0F64421}.Debug|Any CPU.ActiveCfg = Debug|Any CPU
		{B5B8FCB3-FA9F-460D-9114-BF14C0F64421}.Debug|Any CPU.Build.0 = Debug|Any CPU
		{B5B8FCB3-FA9F-460D-9114-BF14C0F64421}.Release|Any CPU.ActiveCfg = Release|Any CPU
		{B5B8FCB3-FA9F-460D-9114-BF14C0F64421}.Release|Any CPU.Build.0 = Release|Any CPU
		{A57471F5-CC15-4C8D-AD76-A8CE5F90A389}.Debug|Any CPU.ActiveCfg = Debug|Any CPU
		{A57471F5-CC15-4C8D-AD76-A8CE5F90A389}.Debug|Any CPU.Build.0 = Debug|Any CPU
		{A57471F5-CC15-4C8D-AD76-A8CE5F90A389}.Release|Any CPU.ActiveCfg = Release|Any CPU
		{A57471F5-CC15-4C8D-AD76-A8CE5F90A389}.Release|Any CPU.Build.0 = Release|Any CPU
		{F48682B3-9613-4E7A-BEA4-D14CDF9E0148}.Debug|Any CPU.ActiveCfg = Debug|Any CPU
		{F48682B3-9613-4E7A-BEA4-D14CDF9E0148}.Debug|Any CPU.Build.0 = Debug|Any CPU
		{F48682B3-9613-4E7A-BEA4-D14CDF9E0148}.Release|Any CPU.ActiveCfg = Release|Any CPU
		{F48682B3-9613-4E7A-BEA4-D14CDF9E0148}.Release|Any CPU.Build.0 = Release|Any CPU
		{879372D8-B864-415B-81DD-3FB1A963DA28}.Debug|Any CPU.ActiveCfg = Debug|Any CPU
		{879372D8-B864-415B-81DD-3FB1A963DA28}.Debug|Any CPU.Build.0 = Debug|Any CPU
		{879372D8-B864-415B-81DD-3FB1A963DA28}.Release|Any CPU.ActiveCfg = Release|Any CPU
		{879372D8-B864-415B-81DD-3FB1A963DA28}.Release|Any CPU.Build.0 = Release|Any CPU
		{C44C994A-A072-40D4-BF3B-5D01414234FA}.Debug|Any CPU.ActiveCfg = Debug|Any CPU
		{C44C994A-A072-40D4-BF3B-5D01414234FA}.Debug|Any CPU.Build.0 = Debug|Any CPU
		{C44C994A-A072-40D4-BF3B-5D01414234FA}.Release|Any CPU.ActiveCfg = Release|Any CPU
		{C44C994A-A072-40D4-BF3B-5D01414234FA}.Release|Any CPU.Build.0 = Release|Any CPU
	EndGlobalSection
	GlobalSection(SolutionProperties) = preSolution
		HideSolutionNode = FALSE
	EndGlobalSection
EndGlobal
